
Microsoft Visual Studio Solution File, Format Version 12.00
# Visual Studio 15
VisualStudioVersion = 15.0.28307.902
MinimumVisualStudioVersion = 10.0.40219.1
Project("{9A19103F-16F7-4668-BE54-9A1E7A4F7556}") = "Consumer", "CvLab.MicroserviceTemplate1\Consumer.csproj", "{D07889E8-FB01-452B-A3CB-99F5DF55FE61}"
EndProject
Project("{9A19103F-16F7-4668-BE54-9A1E7A4F7556}") = "Producer", "..\CvLab.MicroserviceProducer\CvLab.MicroserviceTemplate2\Producer.csproj", "{0559C07F-BF28-42C1-A74C-9104888BEA67}"
EndProject
Global
	GlobalSection(SolutionConfigurationPlatforms) = preSolution
		Debug|Any CPU = Debug|Any CPU
		Release|Any CPU = Release|Any CPU
	EndGlobalSection
	GlobalSection(ProjectConfigurationPlatforms) = postSolution
		{D07889E8-FB01-452B-A3CB-99F5DF55FE61}.Debug|Any CPU.ActiveCfg = Debug|Any CPU
		{D07889E8-FB01-452B-A3CB-99F5DF55FE61}.Debug|Any CPU.Build.0 = Debug|Any CPU
		{D07889E8-FB01-452B-A3CB-99F5DF55FE61}.Release|Any CPU.ActiveCfg = Release|Any CPU
		{D07889E8-FB01-452B-A3CB-99F5DF55FE61}.Release|Any CPU.Build.0 = Release|Any CPU
		{0559C07F-BF28-42C1-A74C-9104888BEA67}.Debug|Any CPU.ActiveCfg = Debug|Any CPU
		{0559C07F-BF28-42C1-A74C-9104888BEA67}.Debug|Any CPU.Build.0 = Debug|Any CPU
		{0559C07F-BF28-42C1-A74C-9104888BEA67}.Release|Any CPU.ActiveCfg = Release|Any CPU
		{0559C07F-BF28-42C1-A74C-9104888BEA67}.Release|Any CPU.Build.0 = Release|Any CPU
	EndGlobalSection
	GlobalSection(SolutionProperties) = preSolution
		HideSolutionNode = FALSE
	EndGlobalSection
	GlobalSection(ExtensibilityGlobals) = postSolution
		SolutionGuid = {8B8CC57A-94D3-4B01-9611-4E5255D5601C}
	EndGlobalSection
EndGlobal
